
Microsoft Visual Studio Solution File, Format Version 12.00
Project("{FAE04EC0-301F-11D3-BF4B-00C04F79EFBC}") = "Storage", "Storage.csproj", "{5765D8FD-92CE-4FC8-9E1C-53A89882A57C}"
EndProject
Global
	GlobalSection(SolutionConfigurationPlatforms) = preSolution
		Debug|Any CPU = Debug|Any CPU
		Release|Any CPU = Release|Any CPU
	EndGlobalSection
	GlobalSection(ProjectConfigurationPlatforms) = postSolution
		{5765D8FD-92CE-4FC8-9E1C-53A89882A57C}.Debug|Any CPU.ActiveCfg = Debug|Any CPU
		{5765D8FD-92CE-4FC8-9E1C-53A89882A57C}.Debug|Any CPU.Build.0 = Debug|Any CPU
		{5765D8FD-92CE-4FC8-9E1C-53A89882A57C}.Release|Any CPU.ActiveCfg = Release|Any CPU
		{5765D8FD-92CE-4FC8-9E1C-53A89882A57C}.Release|Any CPU.Build.0 = Release|Any CPU
	EndGlobalSection
EndGlobal
