
Microsoft Visual Studio Solution File, Format Version 12.00
# Visual Studio Version 16
VisualStudioVersion = 16.0.31911.196
MinimumVisualStudioVersion = 10.0.40219.1
Project("{FAE04EC0-301F-11D3-BF4B-00C04F79EFBC}") = "Storage", "Storage.csproj", "{5765D8FD-92CE-4FC8-9E1C-53A89882A57C}"
EndProject
Global
	GlobalSection(SolutionConfigurationPlatforms) = preSolution
		Debug|Any CPU = Debug|Any CPU
		NewDebug|Any CPU = NewDebug|Any CPU
		Release|Any CPU = Release|Any CPU
	EndGlobalSection
	GlobalSection(ProjectConfigurationPlatforms) = postSolution
		{5765D8FD-92CE-4FC8-9E1C-53A89882A57C}.Debug|Any CPU.ActiveCfg = Debug|Any CPU
		{5765D8FD-92CE-4FC8-9E1C-53A89882A57C}.Debug|Any CPU.Build.0 = Debug|Any CPU
		{5765D8FD-92CE-4FC8-9E1C-53A89882A57C}.NewDebug|Any CPU.ActiveCfg = NewDebug|Any CPU
		{5765D8FD-92CE-4FC8-9E1C-53A89882A57C}.NewDebug|Any CPU.Build.0 = NewDebug|Any CPU
		{5765D8FD-92CE-4FC8-9E1C-53A89882A57C}.Release|Any CPU.ActiveCfg = Release|Any CPU
		{5765D8FD-92CE-4FC8-9E1C-53A89882A57C}.Release|Any CPU.Build.0 = Release|Any CPU
	EndGlobalSection
	GlobalSection(SolutionProperties) = preSolution
		HideSolutionNode = FALSE
	EndGlobalSection
	GlobalSection(ExtensibilityGlobals) = postSolution
		SolutionGuid = {B8A39168-9974-4C7B-A3D8-D7917B11E696}
	EndGlobalSection
EndGlobal
